{
  "name": "test-simple",
  "version": "1.0.0",
  "lockfileVersion": 3,
  "requires": true,
  "packages": {
    "": {
      "name": "test-simple",
      "version": "1.0.0",
      "dependencies": {
        "zcatalyst-sdk-node": "latest"
      }
    },
    "node_modules/zcatalyst-sdk-node": {
      "version": "3.0.3",
      "resolved": "https://registry.npmjs.org/zcatalyst-sdk-node/-/zcatalyst-sdk-node-3.0.3.tgz",
      "integrity": "sha512-hoY/058kzn8t6j0SGcKpthHvyBcPhEFRYDlHftSopxH2+8RiE9XCW805GdvekJZ1+0FygndD4GWg0OSqRReTjg==",
      "license": "MIT",
      "engines": {
        "node": ">=10.0.0"
      }
    }
  }
}
